Microsoft Visual Studio Solution File, Format Version 12.00
# Visual Studio Version 16
VisualStudioVersion = 16.0.28803.156
MinimumVisualStudioVersion = 10.0.40219.1
Project("{9A19103F-16F7-4668-BE54-9A1E7A4F7556}") = "FCms", "FCms\FCms.csproj", "{7FDA817A-2C4C-45EC-A13E-95BAB15996A0}"
EndProject
Project("{9A19103F-16F7-4668-BE54-9A1E7A4F7556}") = "FCmsSample", "FCmsSample\FCmsSample.csproj", "{97C7EAAA-1313-42F0-96B5-C552877B6BEE}"
EndProject
Project("{9A19103F-16F7-4668-BE54-9A1E7A4F7556}") = "FCmsManager", "FCmsManager\FCmsManager.csproj", "{A6DCF0E6-B539-4C12-AE64-335DB058472D}"
EndProject
Project("{FAE04EC0-301F-11D3-BF4B-00C04F79EFBC}") = "FCmsTests", "FCmsTests\FCmsTests.csproj", "{B10AF8D8-650A-498C-8BAB-B27A67338FD1}"
EndProject
Global
	GlobalSection(SolutionConfigurationPlatforms) = preSolution
		Debug|Any CPU = Debug|Any CPU
		Release|Any CPU = Release|Any CPU
	EndGlobalSection
	GlobalSection(ProjectConfigurationPlatforms) = postSolution
		{7FDA817A-2C4C-45EC-A13E-95BAB15996A0}.Debug|Any CPU.ActiveCfg = Debug|Any CPU
		{7FDA817A-2C4C-45EC-A13E-95BAB15996A0}.Debug|Any CPU.Build.0 = Debug|Any CPU
		{7FDA817A-2C4C-45EC-A13E-95BAB15996A0}.Release|Any CPU.ActiveCfg = Release|Any CPU
		{7FDA817A-2C4C-45EC-A13E-95BAB15996A0}.Release|Any CPU.Build.0 = Release|Any CPU
		{97C7EAAA-1313-42F0-96B5-C552877B6BEE}.Debug|Any CPU.ActiveCfg = Debug|Any CPU
		{97C7EAAA-1313-42F0-96B5-C552877B6BEE}.Debug|Any CPU.Build.0 = Debug|Any CPU
		{97C7EAAA-1313-42F0-96B5-C552877B6BEE}.Release|Any CPU.ActiveCfg = Release|Any CPU
		{97C7EAAA-1313-42F0-96B5-C552877B6BEE}.Release|Any CPU.Build.0 = Release|Any CPU
		{A6DCF0E6-B539-4C12-AE64-335DB058472D}.Debug|Any CPU.ActiveCfg = Debug|Any CPU
		{A6DCF0E6-B539-4C12-AE64-335DB058472D}.Debug|Any CPU.Build.0 = Debug|Any CPU
		{A6DCF0E6-B539-4C12-AE64-335DB058472D}.Release|Any CPU.ActiveCfg = Release|Any CPU
		{A6DCF0E6-B539-4C12-AE64-335DB058472D}.Release|Any CPU.Build.0 = Release|Any CPU
		{B10AF8D8-650A-498C-8BAB-B27A67338FD1}.Debug|Any CPU.ActiveCfg = Debug|Any CPU
		{B10AF8D8-650A-498C-8BAB-B27A67338FD1}.Debug|Any CPU.Build.0 = Debug|Any CPU
		{B10AF8D8-650A-498C-8BAB-B27A67338FD1}.Release|Any CPU.ActiveCfg = Release|Any CPU
		{B10AF8D8-650A-498C-8BAB-B27A67338FD1}.Release|Any CPU.Build.0 = Release|Any CPU
	EndGlobalSection
	GlobalSection(SolutionProperties) = preSolution
		HideSolutionNode = FALSE
	EndGlobalSection
	GlobalSection(ExtensibilityGlobals) = postSolution
		SolutionGuid = {858BDB39-C866-42E4-8999-1E2E67CD1942}
	EndGlobalSection
EndGlobal
