{
  "name": "cms",
  "lockfileVersion": 2,
  "requires": true,
  "packages": {
    "": {
      "dependencies": {
        "@angular/animations": "^13.2.0",
        "typescript": "^4.5.2"
      },
      "devDependencies": {
        "@types/jquery": "^3.5.5"
      }
    },
    "node_modules/@angular/animations": {
      "version": "13.2.0",
      "resolved": "https://registry.npmjs.org/@angular/animations/-/animations-13.2.0.tgz",
      "integrity": "sha512-zLmNxkfxDQShJ97V9gTyQdlEbCD/zDUdpHXKlUViBIbe2M13FLGV3e2D+x9jGr/PRzFe0cukOnYxNEHJqqjqPA==",
      "dependencies": {
        "tslib": "^2.3.0"
      },
      "engines": {
        "node": "^12.20.0 || ^14.15.0 || >=16.10.0"
      },
      "peerDependencies": {
        "@angular/core": "13.2.0"
      }
    },
    "node_modules/@angular/core": {
      "version": "13.2.0",
      "resolved": "https://registry.npmjs.org/@angular/core/-/core-13.2.0.tgz",
      "integrity": "sha512-mWRWbbZ6k00AicA/GrxmWKaw8upo77sRQz4tSYKpwVKt2TtCeoW8OkdYUpnmuVjxpF0bD6PtVc0e1fD6es/ElA==",
      "peer": true,
      "dependencies": {
        "tslib": "^2.3.0"
      },
      "engines": {
        "node": "^12.20.0 || ^14.15.0 || >=16.10.0"
      },
      "peerDependencies": {
        "rxjs": "^6.5.3 || ^7.4.0",
        "zone.js": "~0.11.4"
      }
    },
    "node_modules/@types/jquery": {
      "version": "3.5.5",
      "resolved": "https://registry.npmjs.org/@types/jquery/-/jquery-3.5.5.tgz",
      "integrity": "sha512-6RXU9Xzpc6vxNrS6FPPapN1SxSHgQ336WC6Jj/N8q30OiaBZ00l1GBgeP7usjVZPivSkGUfL1z/WW6TX989M+w==",
      "dev": true,
      "dependencies": {
        "@types/sizzle": "*"
      }
    },
    "node_modules/@types/sizzle": {
      "version": "2.3.2",
      "resolved": "https://registry.npmjs.org/@types/sizzle/-/sizzle-2.3.2.tgz",
      "integrity": "sha512-7EJYyKTL7tFR8+gDbB6Wwz/arpGa0Mywk1TJbNzKzHtzbwVmY4HR9WqS5VV7dsBUKQmPNr192jHr/VpBluj/hg==",
      "dev": true
    },
    "node_modules/rxjs": {
      "version": "7.5.2",
      "resolved": "https://registry.npmjs.org/rxjs/-/rxjs-7.5.2.tgz",
      "integrity": "sha512-PwDt186XaL3QN5qXj/H9DGyHhP3/RYYgZZwqBv9Tv8rsAaiwFH1IsJJlcgD37J7UW5a6O67qX0KWKS3/pu0m4w==",
      "peer": true,
      "dependencies": {
        "tslib": "^2.1.0"
      }
    },
    "node_modules/tslib": {
      "version": "2.3.1",
      "resolved": "https://registry.npmjs.org/tslib/-/tslib-2.3.1.tgz",
      "integrity": "sha512-77EbyPPpMz+FRFRuAFlWMtmgUWGe9UOG2Z25NqCwiIjRhOf5iKGuzSe5P2w1laq+FkRy4p+PCuVkJSGkzTEKVw=="
    },
    "node_modules/typescript": {
      "version": "4.5.2",
      "resolved": "https://registry.npmjs.org/typescript/-/typescript-4.5.2.tgz",
      "integrity": "sha512-5BlMof9H1yGt0P8/WF+wPNw6GfctgGjXp5hkblpyT+8rkASSmkUKMXrxR0Xg8ThVCi/JnHQiKXeBaEwCeQwMFw==",
      "bin": {
        "tsc": "bin/tsc",
        "tsserver": "bin/tsserver"
      },
      "engines": {
        "node": ">=4.2.0"
      }
    },
    "node_modules/zone.js": {
      "version": "0.11.4",
      "resolved": "https://registry.npmjs.org/zone.js/-/zone.js-0.11.4.tgz",
      "integrity": "sha512-DDh2Ab+A/B+9mJyajPjHFPWfYU1H+pdun4wnnk0OcQTNjem1XQSZ2CDW+rfZEUDjv5M19SBqAkjZi0x5wuB5Qw==",
      "peer": true,
      "dependencies": {
        "tslib": "^2.0.0"
      }
    }
  },
  "dependencies": {
    "@angular/animations": {
      "version": "13.2.0",
      "resolved": "https://registry.npmjs.org/@angular/animations/-/animations-13.2.0.tgz",
      "integrity": "sha512-zLmNxkfxDQShJ97V9gTyQdlEbCD/zDUdpHXKlUViBIbe2M13FLGV3e2D+x9jGr/PRzFe0cukOnYxNEHJqqjqPA==",
      "requires": {
        "tslib": "^2.3.0"
      }
    },
    "@angular/core": {
      "version": "13.2.0",
      "resolved": "https://registry.npmjs.org/@angular/core/-/core-13.2.0.tgz",
      "integrity": "sha512-mWRWbbZ6k00AicA/GrxmWKaw8upo77sRQz4tSYKpwVKt2TtCeoW8OkdYUpnmuVjxpF0bD6PtVc0e1fD6es/ElA==",
      "peer": true,
      "requires": {
        "tslib": "^2.3.0"
      }
    },
    "@types/jquery": {
      "version": "3.5.5",
      "resolved": "https://registry.npmjs.org/@types/jquery/-/jquery-3.5.5.tgz",
      "integrity": "sha512-6RXU9Xzpc6vxNrS6FPPapN1SxSHgQ336WC6Jj/N8q30OiaBZ00l1GBgeP7usjVZPivSkGUfL1z/WW6TX989M+w==",
      "dev": true,
      "requires": {
        "@types/sizzle": "*"
      }
    },
    "@types/sizzle": {
      "version": "2.3.2",
      "resolved": "https://registry.npmjs.org/@types/sizzle/-/sizzle-2.3.2.tgz",
      "integrity": "sha512-7EJYyKTL7tFR8+gDbB6Wwz/arpGa0Mywk1TJbNzKzHtzbwVmY4HR9WqS5VV7dsBUKQmPNr192jHr/VpBluj/hg==",
      "dev": true
    },
    "rxjs": {
      "version": "7.5.2",
      "resolved": "https://registry.npmjs.org/rxjs/-/rxjs-7.5.2.tgz",
      "integrity": "sha512-PwDt186XaL3QN5qXj/H9DGyHhP3/RYYgZZwqBv9Tv8rsAaiwFH1IsJJlcgD37J7UW5a6O67qX0KWKS3/pu0m4w==",
      "peer": true,
      "requires": {
        "tslib": "^2.1.0"
      }
    },
    "tslib": {
      "version": "2.3.1",
      "resolved": "https://registry.npmjs.org/tslib/-/tslib-2.3.1.tgz",
      "integrity": "sha512-77EbyPPpMz+FRFRuAFlWMtmgUWGe9UOG2Z25NqCwiIjRhOf5iKGuzSe5P2w1laq+FkRy4p+PCuVkJSGkzTEKVw=="
    },
    "typescript": {
      "version": "4.5.2",
      "resolved": "https://registry.npmjs.org/typescript/-/typescript-4.5.2.tgz",
      "integrity": "sha512-5BlMof9H1yGt0P8/WF+wPNw6GfctgGjXp5hkblpyT+8rkASSmkUKMXrxR0Xg8ThVCi/JnHQiKXeBaEwCeQwMFw=="
    },
    "zone.js": {
      "version": "0.11.4",
      "resolved": "https://registry.npmjs.org/zone.js/-/zone.js-0.11.4.tgz",
      "integrity": "sha512-DDh2Ab+A/B+9mJyajPjHFPWfYU1H+pdun4wnnk0OcQTNjem1XQSZ2CDW+rfZEUDjv5M19SBqAkjZi0x5wuB5Qw==",
      "peer": true,
      "requires": {
        "tslib": "^2.0.0"
      }
    }
  }
}
