Microsoft Visual Studio Solution File, Format Version 12.00
# Visual Studio Version 17
VisualStudioVersion = 17.5.2.0
MinimumVisualStudioVersion = 10.0.40219.1
Project("{FAE04EC0-301F-11D3-BF4B-00C04F79EFBC}") = "FCmsManagerAngular", "FCmsManagerAngular.csproj", "{7211E665-13D9-D6AB-C4E2-131D16A29434}"
EndProject
Global
	GlobalSection(SolutionConfigurationPlatforms) = preSolution
		Debug|Any CPU = Debug|Any CPU
		Release|Any CPU = Release|Any CPU
	EndGlobalSection
	GlobalSection(ProjectConfigurationPlatforms) = postSolution
		{7211E665-13D9-D6AB-C4E2-131D16A29434}.Debug|Any CPU.ActiveCfg = Debug|Any CPU
		{7211E665-13D9-D6AB-C4E2-131D16A29434}.Debug|Any CPU.Build.0 = Debug|Any CPU
		{7211E665-13D9-D6AB-C4E2-131D16A29434}.Release|Any CPU.ActiveCfg = Release|Any CPU
		{7211E665-13D9-D6AB-C4E2-131D16A29434}.Release|Any CPU.Build.0 = Release|Any CPU
	EndGlobalSection
	GlobalSection(SolutionProperties) = preSolution
		HideSolutionNode = FALSE
	EndGlobalSection
	GlobalSection(ExtensibilityGlobals) = postSolution
		SolutionGuid = {56818D96-BC17-47DD-9679-A55822E011CF}
	EndGlobalSection
EndGlobal
